// !$*UTF8*$!
{
	archiveVersion = 1;
	classes = {
	};
	objectVersion = 46;
	objects = {

/* Begin PBXBuildFile section */
		50309C4E1C802786009A435D /* main.m in Sources */ = {isa = PBXBuildFile; fileRef = 50309C4D1C802786009A435D /* main.m */; };
		50309C511C802786009A435D /* AppDelegate.m in Sources */ = {isa = PBXBuildFile; fileRef = 50309C501C802786009A435D /* AppDelegate.m */; };
		50309C571C802786009A435D /* Main.storyboard in Resources */ = {isa = PBXBuildFile; fileRef = 50309C551C802786009A435D /* Main.storyboard */; };
		50309C5A1C802786009A435D /* WeatherInfo.xcdatamodeld in Sources */ = {isa = PBXBuildFile; fileRef = 50309C581C802786009A435D /* WeatherInfo.xcdatamodeld */; };
		50309C5C1C802786009A435D /* Assets.xcassets in Resources */ = {isa = PBXBuildFile; fileRef = 50309C5B1C802786009A435D /* Assets.xcassets */; };
		50309C5F1C802786009A435D /* LaunchScreen.storyboard in Resources */ = {isa = PBXBuildFile; fileRef = 50309C5D1C802786009A435D /* LaunchScreen.storyboard */; };
		50309C6A1C802786009A435D /* WeatherInfoTests.m in Sources */ = {isa = PBXBuildFile; fileRef = 50309C691C802786009A435D /* WeatherInfoTests.m */; };
		50309C751C802786009A435D /* WeatherInfoUITests.m in Sources */ = {isa = PBXBuildFile; fileRef = 50309C741C802786009A435D /* WeatherInfoUITests.m */; };
		5034F6DC1C823B5F006298FE /* WIHTTPSessionManager.m in Sources */ = {isa = PBXBuildFile; fileRef = 5034F6DB1C823B5F006298FE /* WIHTTPSessionManager.m */; };
		5034F6EF1C82606C006298FE /* WIWeatherData.m in Sources */ = {isa = PBXBuildFile; fileRef = 5034F6EE1C82606C006298FE /* WIWeatherData.m */; };
		5034F6F31C8288E6006298FE /* WIZipcodeTableViewController.m in Sources */ = {isa = PBXBuildFile; fileRef = 5034F6F21C8288E6006298FE /* WIZipcodeTableViewController.m */; };
		5034F6F61C83BCF2006298FE /* MapKit.framework in Frameworks */ = {isa = PBXBuildFile; fileRef = 5034F6F51C83BCF2006298FE /* MapKit.framework */; };
		5034F6FA1C840DF6006298FE /* WITableViewCell.m in Sources */ = {isa = PBXBuildFile; fileRef = 5034F6F81C840DF6006298FE /* WITableViewCell.m */; };
		5034F6FB1C840DF6006298FE /* WITableViewCell.xib in Resources */ = {isa = PBXBuildFile; fileRef = 5034F6F91C840DF6006298FE /* WITableViewCell.xib */; };
		50FE718C1C8162B500ED5F4A /* WIDetailInfoViewController.m in Sources */ = {isa = PBXBuildFile; fileRef = 50FE718B1C8162B500ED5F4A /* WIDetailInfoViewController.m */; };
		C9D564D7AE33E4C37614E902 /* libPods.a in Frameworks */ = {isa = PBXBuildFile; fileRef = FEC5F6980DEAFBB55D5BCB13 /* libPods.a */; };
/* End PBXBuildFile section */

/* Begin PBXContainerItemProxy section */
		50309C661C802786009A435D /* PBXContainerItemProxy */ = {
			isa = PBXContainerItemProxy;
			containerPortal = 50309C411C802786009A435D /* Project object */;
			proxyType = 1;
			remoteGlobalIDString = 50309C481C802786009A435D;
			remoteInfo = WeatherInfo;
		};
		50309C711C802786009A435D /* PBXContainerItemProxy */ = {
			isa = PBXContainerItemProxy;
			containerPortal = 50309C411C802786009A435D /* Project object */;
			proxyType = 1;
			remoteGlobalIDString = 50309C481C802786009A435D;
			remoteInfo = WeatherInfo;
		};
/* End PBXContainerItemProxy section */

/* Begin PBXFileReference section */
		08ED6D6F59A250294913F6DD /* Pods.release.xcconfig */ = {isa = PBXFileReference; includeInIndex = 1; lastKnownFileType = text.xcconfig; name = Pods.release.xcconfig; path = "Pods/Target Support Files/Pods/Pods.release.xcconfig"; sourceTree = "<group>"; };
		50309C491C802786009A435D /* WeatherInfo.app */ = {isa = PBXFileReference; explicitFileType = wrapper.application; includeInIndex = 0; path = WeatherInfo.app; sourceTree = BUILT_PRODUCTS_DIR; };
		50309C4D1C802786009A435D /* main.m */ = {isa = PBXFileReference; lastKnownFileType = sourcecode.c.objc; path = main.m; sourceTree = "<group>"; };
		50309C4F1C802786009A435D /* AppDelegate.h */ = {isa = PBXFileReference; lastKnownFileType = sourcecode.c.h; path = AppDelegate.h; sourceTree = "<group>"; };
		50309C501C802786009A435D /* AppDelegate.m */ = {isa = PBXFileReference; lastKnownFileType = sourcecode.c.objc; path = AppDelegate.m; sourceTree = "<group>"; };
		50309C561C802786009A435D /* Base */ = {isa = PBXFileReference; lastKnownFileType = file.storyboard; name = Base; path = Base.lproj/Main.storyboard; sourceTree = "<group>"; };
		50309C591C802786009A435D /* WeatherInfo.xcdatamodel */ = {isa = PBXFileReference; lastKnownFileType = wrapper.xcdatamodel; path = WeatherInfo.xcdatamodel; sourceTree = "<group>"; };
		50309C5B1C802786009A435D /* Assets.xcassets */ = {isa = PBXFileReference; lastKnownFileType = folder.assetcatalog; path = Assets.xcassets; sourceTree = "<group>"; };
		50309C5E1C802786009A435D /* Base */ = {isa = PBXFileReference; lastKnownFileType = file.storyboard; name = Base; path = Base.lproj/LaunchScreen.storyboard; sourceTree = "<group>"; };
		50309C601C802786009A435D /* Info.plist */ = {isa = PBXFileReference; lastKnownFileType = text.plist.xml; path = Info.plist; sourceTree = "<group>"; };
		50309C651C802786009A435D /* WeatherInfoTests.xctest */ = {isa = PBXFileReference; explicitFileType = wrapper.cfbundle; includeInIndex = 0; path = WeatherInfoTests.xctest; sourceTree = BUILT_PRODUCTS_DIR; };
		50309C691C802786009A435D /* WeatherInfoTests.m */ = {isa = PBXFileReference; lastKnownFileType = sourcecode.c.objc; path = WeatherInfoTests.m; sourceTree = "<group>"; };
		50309C6B1C802786009A435D /* Info.plist */ = {isa = PBXFileReference; lastKnownFileType = text.plist.xml; path = Info.plist; sourceTree = "<group>"; };
		50309C701C802786009A435D /* WeatherInfoUITests.xctest */ = {isa = PBXFileReference; explicitFileType = wrapper.cfbundle; includeInIndex = 0; path = WeatherInfoUITests.xctest; sourceTree = BUILT_PRODUCTS_DIR; };
		50309C741C802786009A435D /* WeatherInfoUITests.m */ = {isa = PBXFileReference; lastKnownFileType = sourcecode.c.objc; path = WeatherInfoUITests.m; sourceTree = "<group>"; };
		50309C761C802786009A435D /* Info.plist */ = {isa = PBXFileReference; lastKnownFileType = text.plist.xml; path = Info.plist; sourceTree = "<group>"; };
		5034F6DA1C823B5F006298FE /* WIHTTPSessionManager.h */ = {isa = PBXFileReference; fileEncoding = 4; lastKnownFileType = sourcecode.c.h; path = WIHTTPSessionManager.h; sourceTree = "<group>"; };
		5034F6DB1C823B5F006298FE /* WIHTTPSessionManager.m */ = {isa = PBXFileReference; fileEncoding = 4; lastKnownFileType = sourcecode.c.objc; path = WIHTTPSessionManager.m; sourceTree = "<group>"; };
		5034F6ED1C82606C006298FE /* WIWeatherData.h */ = {isa = PBXFileReference; fileEncoding = 4; lastKnownFileType = sourcecode.c.h; path = WIWeatherData.h; sourceTree = "<group>"; };
		5034F6EE1C82606C006298FE /* WIWeatherData.m */ = {isa = PBXFileReference; fileEncoding = 4; lastKnownFileType = sourcecode.c.objc; path = WIWeatherData.m; sourceTree = "<group>"; };
		5034F6F11C8288E6006298FE /* WIZipcodeTableViewController.h */ = {isa = PBXFileReference; fileEncoding = 4; lastKnownFileType = sourcecode.c.h; path = WIZipcodeTableViewController.h; sourceTree = "<group>"; };
		5034F6F21C8288E6006298FE /* WIZipcodeTableViewController.m */ = {isa = PBXFileReference; fileEncoding = 4; lastKnownFileType = sourcecode.c.objc; path = WIZipcodeTableViewController.m; sourceTree = "<group>"; };
		5034F6F51C83BCF2006298FE /* MapKit.framework */ = {isa = PBXFileReference; lastKnownFileType = wrapper.framework; name = MapKit.framework; path = System/Library/Frameworks/MapKit.framework; sourceTree = SDKROOT; };
		5034F6F71C840DF6006298FE /* WITableViewCell.h */ = {isa = PBXFileReference; fileEncoding = 4; lastKnownFileType = sourcecode.c.h; path = WITableViewCell.h; sourceTree = "<group>"; };
		5034F6F81C840DF6006298FE /* WITableViewCell.m */ = {isa = PBXFileReference; fileEncoding = 4; lastKnownFileType = sourcecode.c.objc; path = WITableViewCell.m; sourceTree = "<group>"; };
		5034F6F91C840DF6006298FE /* WITableViewCell.xib */ = {isa = PBXFileReference; fileEncoding = 4; lastKnownFileType = file.xib; path = WITableViewCell.xib; sourceTree = "<group>"; };
		50FE718A1C8162B500ED5F4A /* WIDetailInfoViewController.h */ = {isa = PBXFileReference; fileEncoding = 4; lastKnownFileType = sourcecode.c.h; path = WIDetailInfoViewController.h; sourceTree = "<group>"; };
		50FE718B1C8162B500ED5F4A /* WIDetailInfoViewController.m */ = {isa = PBXFileReference; fileEncoding = 4; lastKnownFileType = sourcecode.c.objc; path = WIDetailInfoViewController.m; sourceTree = "<group>"; };
		D537AFAA2C02AFB8F1D0B621 /* Pods.debug.xcconfig */ = {isa = PBXFileReference; includeInIndex = 1; lastKnownFileType = text.xcconfig; name = Pods.debug.xcconfig; path = "Pods/Target Support Files/Pods/Pods.debug.xcconfig"; sourceTree = "<group>"; };
		FEC5F6980DEAFBB55D5BCB13 /* libPods.a */ = {isa = PBXFileReference; explicitFileType = archive.ar; includeInIndex = 0; path = libPods.a; sourceTree = BUILT_PRODUCTS_DIR; };
/* End PBXFileReference section */

/* Begin PBXFrameworksBuildPhase section */
		50309C461C802786009A435D /* Frameworks */ = {
			isa = PBXFrameworksBuildPhase;
			buildActionMask = 2147483647;
			files = (
				5034F6F61C83BCF2006298FE /* MapKit.framework in Frameworks */,
				C9D564D7AE33E4C37614E902 /* libPods.a in Frameworks */,
			);
			runOnlyForDeploymentPostprocessing = 0;
		};
		50309C621C802786009A435D /* Frameworks */ = {
			isa = PBXFrameworksBuildPhase;
			buildActionMask = 2147483647;
			files = (
			);
			runOnlyForDeploymentPostprocessing = 0;
		};
		50309C6D1C802786009A435D /* Frameworks */ = {
			isa = PBXFrameworksBuildPhase;
			buildActionMask = 2147483647;
			files = (
			);
			runOnlyForDeploymentPostprocessing = 0;
		};
/* End PBXFrameworksBuildPhase section */

/* Begin PBXGroup section */
		50309C401C802786009A435D = {
			isa = PBXGroup;
			children = (
				50309C4B1C802786009A435D /* WeatherInfo */,
				50309C681C802786009A435D /* WeatherInfoTests */,
				50309C731C802786009A435D /* WeatherInfoUITests */,
				50309C4A1C802786009A435D /* Products */,
				BA259203BFF48B62D4A7AD55 /* Pods */,
				E1E42148F2C2C01984D07B40 /* Frameworks */,
			);
			sourceTree = "<group>";
		};
		50309C4A1C802786009A435D /* Products */ = {
			isa = PBXGroup;
			children = (
				50309C491C802786009A435D /* WeatherInfo.app */,
				50309C651C802786009A435D /* WeatherInfoTests.xctest */,
				50309C701C802786009A435D /* WeatherInfoUITests.xctest */,
			);
			name = Products;
			sourceTree = "<group>";
		};
		50309C4B1C802786009A435D /* WeatherInfo */ = {
			isa = PBXGroup;
			children = (
				50309C4F1C802786009A435D /* AppDelegate.h */,
				50309C501C802786009A435D /* AppDelegate.m */,
				5034F6EC1C825C5D006298FE /* ViewControllers */,
				5034F6DD1C824987006298FE /* NetworkManager */,
				5034F6F01C826082006298FE /* Model */,
				5034F6FC1C841C30006298FE /* CustomTableCell */,
				50309C551C802786009A435D /* Main.storyboard */,
				50309C5D1C802786009A435D /* LaunchScreen.storyboard */,
				50309C5B1C802786009A435D /* Assets.xcassets */,
				50309C601C802786009A435D /* Info.plist */,
				50309C581C802786009A435D /* WeatherInfo.xcdatamodeld */,
				50309C4C1C802786009A435D /* Supporting Files */,
			);
			path = WeatherInfo;
			sourceTree = "<group>";
		};
		50309C4C1C802786009A435D /* Supporting Files */ = {
			isa = PBXGroup;
			children = (
				50309C4D1C802786009A435D /* main.m */,
			);
			name = "Supporting Files";
			sourceTree = "<group>";
		};
		50309C681C802786009A435D /* WeatherInfoTests */ = {
			isa = PBXGroup;
			children = (
				50309C691C802786009A435D /* WeatherInfoTests.m */,
				50309C6B1C802786009A435D /* Info.plist */,
			);
			path = WeatherInfoTests;
			sourceTree = "<group>";
		};
		50309C731C802786009A435D /* WeatherInfoUITests */ = {
			isa = PBXGroup;
			children = (
				50309C741C802786009A435D /* WeatherInfoUITests.m */,
				50309C761C802786009A435D /* Info.plist */,
			);
			path = WeatherInfoUITests;
			sourceTree = "<group>";
		};
		5034F6DD1C824987006298FE /* NetworkManager */ = {
			isa = PBXGroup;
			children = (
				5034F6DA1C823B5F006298FE /* WIHTTPSessionManager.h */,
				5034F6DB1C823B5F006298FE /* WIHTTPSessionManager.m */,
			);
			name = NetworkManager;
			sourceTree = "<group>";
		};
		5034F6EC1C825C5D006298FE /* ViewControllers */ = {
			isa = PBXGroup;
			children = (
				5034F6F11C8288E6006298FE /* WIZipcodeTableViewController.h */,
				5034F6F21C8288E6006298FE /* WIZipcodeTableViewController.m */,
				50FE718A1C8162B500ED5F4A /* WIDetailInfoViewController.h */,
				50FE718B1C8162B500ED5F4A /* WIDetailInfoViewController.m */,
			);
			name = ViewControllers;
			sourceTree = "<group>";
		};
		5034F6F01C826082006298FE /* Model */ = {
			isa = PBXGroup;
			children = (
				5034F6ED1C82606C006298FE /* WIWeatherData.h */,
				5034F6EE1C82606C006298FE /* WIWeatherData.m */,
			);
			name = Model;
			sourceTree = "<group>";
		};
		5034F6FC1C841C30006298FE /* CustomTableCell */ = {
			isa = PBXGroup;
			children = (
				5034F6F71C840DF6006298FE /* WITableViewCell.h */,
				5034F6F81C840DF6006298FE /* WITableViewCell.m */,
				5034F6F91C840DF6006298FE /* WITableViewCell.xib */,
			);
			name = CustomTableCell;
			sourceTree = "<group>";
		};
		BA259203BFF48B62D4A7AD55 /* Pods */ = {
			isa = PBXGroup;
			children = (
				D537AFAA2C02AFB8F1D0B621 /* Pods.debug.xcconfig */,
				08ED6D6F59A250294913F6DD /* Pods.release.xcconfig */,
			);
			name = Pods;
			sourceTree = "<group>";
		};
		E1E42148F2C2C01984D07B40 /* Frameworks */ = {
			isa = PBXGroup;
			children = (
				5034F6F51C83BCF2006298FE /* MapKit.framework */,
				FEC5F6980DEAFBB55D5BCB13 /* libPods.a */,
			);
			name = Frameworks;
			sourceTree = "<group>";
		};
/* End PBXGroup section */

/* Begin PBXNativeTarget section */
		50309C481C802786009A435D /* WeatherInfo */ = {
			isa = PBXNativeTarget;
			buildConfigurationList = 50309C791C802786009A435D /* Build configuration list for PBXNativeTarget "WeatherInfo" */;
			buildPhases = (
				BAA0DE6330E507015F3105A1 /* Check Pods Manifest.lock */,
				50309C451C802786009A435D /* Sources */,
				50309C461C802786009A435D /* Frameworks */,
				50309C471C802786009A435D /* Resources */,
				EBE7FE3975E10DC55E7C8FA3 /* Embed Pods Frameworks */,
				A5C9856D4AECD99D0E28E32D /* Copy Pods Resources */,
			);
			buildRules = (
			);
			dependencies = (
			);
			name = WeatherInfo;
			productName = WeatherInfo;
			productReference = 50309C491C802786009A435D /* WeatherInfo.app */;
			productType = "com.apple.product-type.application";
		};
		50309C641C802786009A435D /* WeatherInfoTests */ = {
			isa = PBXNativeTarget;
			buildConfigurationList = 50309C7C1C802786009A435D /* Build configuration list for PBXNativeTarget "WeatherInfoTests" */;
			buildPhases = (
				50309C611C802786009A435D /* Sources */,
				50309C621C802786009A435D /* Frameworks */,
				50309C631C802786009A435D /* Resources */,
			);
			buildRules = (
			);
			dependencies = (
				50309C671C802786009A435D /* PBXTargetDependency */,
			);
			name = WeatherInfoTests;
			productName = WeatherInfoTests;
			productReference = 50309C651C802786009A435D /* WeatherInfoTests.xctest */;
			productType = "com.apple.product-type.bundle.unit-test";
		};
		50309C6F1C802786009A435D /* WeatherInfoUITests */ = {
			isa = PBXNativeTarget;
			buildConfigurationList = 50309C7F1C802786009A435D /* Build configuration list for PBXNativeTarget "WeatherInfoUITests" */;
			buildPhases = (
				50309C6C1C802786009A435D /* Sources */,
				50309C6D1C802786009A435D /* Frameworks */,
				50309C6E1C802786009A435D /* Resources */,
			);
			buildRules = (
			);
			dependencies = (
				50309C721C802786009A435D /* PBXTargetDependency */,
			);
			name = WeatherInfoUITests;
			productName = WeatherInfoUITests;
			productReference = 50309C701C802786009A435D /* WeatherInfoUITests.xctest */;
			productType = "com.apple.product-type.bundle.ui-testing";
		};
/* End PBXNativeTarget section */

/* Begin PBXProject section */
		50309C411C802786009A435D /* Project object */ = {
			isa = PBXProject;
			attributes = {
				LastUpgradeCheck = 0720;
				ORGANIZATIONNAME = personal;
				TargetAttributes = {
					50309C481C802786009A435D = {
						CreatedOnToolsVersion = 7.2;
					};
					50309C641C802786009A435D = {
						CreatedOnToolsVersion = 7.2;
						TestTargetID = 50309C481C802786009A435D;
					};
					50309C6F1C802786009A435D = {
						CreatedOnToolsVersion = 7.2;
						TestTargetID = 50309C481C802786009A435D;
					};
				};
			};
			buildConfigurationList = 50309C441C802786009A435D /* Build configuration list for PBXProject "WeatherInfo" */;
			compatibilityVersion = "Xcode 3.2";
			developmentRegion = English;
			hasScannedForEncodings = 0;
			knownRegions = (
				en,
				Base,
			);
			mainGroup = 50309C401C802786009A435D;
			productRefGroup = 50309C4A1C802786009A435D /* Products */;
			projectDirPath = "";
			projectRoot = "";
			targets = (
				50309C481C802786009A435D /* WeatherInfo */,
				50309C641C802786009A435D /* WeatherInfoTests */,
				50309C6F1C802786009A435D /* WeatherInfoUITests */,
			);
		};
/* End PBXProject section */

/* Begin PBXResourcesBuildPhase section */
		50309C471C802786009A435D /* Resources */ = {
			isa = PBXResourcesBuildPhase;
			buildActionMask = 2147483647;
			files = (
				50309C5F1C802786009A435D /* LaunchScreen.storyboard in Resources */,
				50309C5C1C802786009A435D /* Assets.xcassets in Resources */,
				50309C571C802786009A435D /* Main.storyboard in Resources */,
				5034F6FB1C840DF6006298FE /* WITableViewCell.xib in Resources */,
			);
			runOnlyForDeploymentPostprocessing = 0;
		};
		50309C631C802786009A435D /* Resources */ = {
			isa = PBXResourcesBuildPhase;
			buildActionMask = 2147483647;
			files = (
			);
			runOnlyForDeploymentPostprocessing = 0;
		};
		50309C6E1C802786009A435D /* Resources */ = {
			isa = PBXResourcesBuildPhase;
			buildActionMask = 2147483647;
			files = (
			);
			runOnlyForDeploymentPostprocessing = 0;
		};
/* End PBXResourcesBuildPhase section */

/* Begin PBXShellScriptBuildPhase section */
		A5C9856D4AECD99D0E28E32D /* Copy Pods Resources */ = {
			isa = PBXShellScriptBuildPhase;
			buildActionMask = 2147483647;
			files = (
			);
			inputPaths = (
			);
			name = "Copy Pods Resources";
			outputPaths = (
			);
			runOnlyForDeploymentPostprocessing = 0;
			shellPath = /bin/sh;
			shellScript = "\"${SRCROOT}/Pods/Target Support Files/Pods/Pods-resources.sh\"\n";
			showEnvVarsInLog = 0;
		};
		BAA0DE6330E507015F3105A1 /* Check Pods Manifest.lock */ = {
			isa = PBXShellScriptBuildPhase;
			buildActionMask = 2147483647;
			files = (
			);
			inputPaths = (
			);
			name = "Check Pods Manifest.lock";
			outputPaths = (
			);
			runOnlyForDeploymentPostprocessing = 0;
			shellPath = /bin/sh;
			shellScript = "diff \"${PODS_ROOT}/../Podfile.lock\" \"${PODS_ROOT}/Manifest.lock\" > /dev/null\nif [[ $? != 0 ]] ; then\n    cat << EOM\nerror: The sandbox is not in sync with the Podfile.lock. Run 'pod install' or update your CocoaPods installation.\nEOM\n    exit 1\nfi\n";
			showEnvVarsInLog = 0;
		};
		EBE7FE3975E10DC55E7C8FA3 /* Embed Pods Frameworks */ = {
			isa = PBXShellScriptBuildPhase;
			buildActionMask = 2147483647;
			files = (
			);
			inputPaths = (
			);
			name = "Embed Pods Frameworks";
			outputPaths = (
			);
			runOnlyForDeploymentPostprocessing = 0;
			shellPath = /bin/sh;
			shellScript = "\"${SRCROOT}/Pods/Target Support Files/Pods/Pods-frameworks.sh\"\n";
			showEnvVarsInLog = 0;
		};
/* End PBXShellScriptBuildPhase section */

/* Begin PBXSourcesBuildPhase section */
		50309C451C802786009A435D /* Sources */ = {
			isa = PBXSourcesBuildPhase;
			buildActionMask = 2147483647;
			files = (
				5034F6DC1C823B5F006298FE /* WIHTTPSessionManager.m in Sources */,
				50309C5A1C802786009A435D /* WeatherInfo.xcdatamodeld in Sources */,
				5034F6EF1C82606C006298FE /* WIWeatherData.m in Sources */,
				50309C511C802786009A435D /* AppDelegate.m in Sources */,
				50309C4E1C802786009A435D /* main.m in Sources */,
				5034F6F31C8288E6006298FE /* WIZipcodeTableViewController.m in Sources */,
				50FE718C1C8162B500ED5F4A /* WIDetailInfoViewController.m in Sources */,
				5034F6FA1C840DF6006298FE /* WITableViewCell.m in Sources */,
			);
			runOnlyForDeploymentPostprocessing = 0;
		};
		50309C611C802786009A435D /* Sources */ = {
			isa = PBXSourcesBuildPhase;
			buildActionMask = 2147483647;
			files = (
				50309C6A1C802786009A435D /* WeatherInfoTests.m in Sources */,
			);
			runOnlyForDeploymentPostprocessing = 0;
		};
		50309C6C1C802786009A435D /* Sources */ = {
			isa = PBXSourcesBuildPhase;
			buildActionMask = 2147483647;
			files = (
				50309C751C802786009A435D /* WeatherInfoUITests.m in Sources */,
			);
			runOnlyForDeploymentPostprocessing = 0;
		};
/* End PBXSourcesBuildPhase section */

/* Begin PBXTargetDependency section */
		50309C671C802786009A435D /* PBXTargetDependency */ = {
			isa = PBXTargetDependency;
			target = 50309C481C802786009A435D /* WeatherInfo */;
			targetProxy = 50309C661C802786009A435D /* PBXContainerItemProxy */;
		};
		50309C721C802786009A435D /* PBXTargetDependency */ = {
			isa = PBXTargetDependency;
			target = 50309C481C802786009A435D /* WeatherInfo */;
			targetProxy = 50309C711C802786009A435D /* PBXContainerItemProxy */;
		};
/* End PBXTargetDependency section */

/* Begin PBXVariantGroup section */
		50309C551C802786009A435D /* Main.storyboard */ = {
			isa = PBXVariantGroup;
			children = (
				50309C561C802786009A435D /* Base */,
			);
			name = Main.storyboard;
			sourceTree = "<group>";
		};
		50309C5D1C802786009A435D /* LaunchScreen.storyboard */ = {
			isa = PBXVariantGroup;
			children = (
				50309C5E1C802786009A435D /* Base */,
			);
			name = LaunchScreen.storyboard;
			sourceTree = "<group>";
		};
/* End PBXVariantGroup section */

/* Begin XCBuildConfiguration section */
		50309C771C802786009A435D /* Debug */ = {
			isa = XCBuildConfiguration;
			buildSettings = {
				ALWAYS_SEARCH_USER_PATHS = NO;
				CLANG_CXX_LANGUAGE_STANDARD = "gnu++0x";
				CLANG_CXX_LIBRARY = "libc++";
				CLANG_ENABLE_MODULES = YES;
				CLANG_ENABLE_OBJC_ARC = YES;
				CLANG_WARN_BOOL_CONVERSION = YES;
				CLANG_WARN_CONSTANT_CONVERSION = YES;
				CLANG_WARN_DIRECT_OBJC_ISA_USAGE = YES_ERROR;
				CLANG_WARN_EMPTY_BODY = YES;
				CLANG_WARN_ENUM_CONVERSION = YES;
				CLANG_WARN_INT_CONVERSION = YES;
				CLANG_WARN_OBJC_ROOT_CLASS = YES_ERROR;
				CLANG_WARN_UNREACHABLE_CODE = YES;
				CLANG_WARN__DUPLICATE_METHOD_MATCH = YES;
				"CODE_SIGN_IDENTITY[sdk=iphoneos*]" = "iPhone Developer";
				COPY_PHASE_STRIP = NO;
				DEBUG_INFORMATION_FORMAT = dwarf;
				ENABLE_STRICT_OBJC_MSGSEND = YES;
				ENABLE_TESTABILITY = YES;
				GCC_C_LANGUAGE_STANDARD = gnu99;
				GCC_DYNAMIC_NO_PIC = NO;
				GCC_NO_COMMON_BLOCKS = YES;
				GCC_OPTIMIZATION_LEVEL = 0;
				GCC_PREPROCESSOR_DEFINITIONS = (
					"DEBUG=1",
					"$(inherited)",
				);
				GCC_WARN_64_TO_32_BIT_CONVERSION = YES;
				GCC_WARN_ABOUT_RETURN_TYPE = YES_ERROR;
				GCC_WARN_UNDECLARED_SELECTOR = YES;
				GCC_WARN_UNINITIALIZED_AUTOS = YES_AGGRESSIVE;
				GCC_WARN_UNUSED_FUNCTION = YES;
				GCC_WARN_UNUSED_VARIABLE = YES;
				IPHONEOS_DEPLOYMENT_TARGET = 9.2;
				MTL_ENABLE_DEBUG_INFO = YES;
				ONLY_ACTIVE_ARCH = YES;
				SDKROOT = iphoneos;
			};
			name = Debug;
		};
		50309C781C802786009A435D /* Release */ = {
			isa = XCBuildConfiguration;
			buildSettings = {
				ALWAYS_SEARCH_USER_PATHS = NO;
				CLANG_CXX_LANGUAGE_STANDARD = "gnu++0x";
				CLANG_CXX_LIBRARY = "libc++";
				CLANG_ENABLE_MODULES = YES;
				CLANG_ENABLE_OBJC_ARC = YES;
				CLANG_WARN_BOOL_CONVERSION = YES;
				CLANG_WARN_CONSTANT_CONVERSION = YES;
				CLANG_WARN_DIRECT_OBJC_ISA_USAGE = YES_ERROR;
				CLANG_WARN_EMPTY_BODY = YES;
				CLANG_WARN_ENUM_CONVERSION = YES;
				CLANG_WARN_INT_CONVERSION = YES;
				CLANG_WARN_OBJC_ROOT_CLASS = YES_ERROR;
				CLANG_WARN_UNREACHABLE_CODE = YES;
				CLANG_WARN__DUPLICATE_METHOD_MATCH = YES;
				"CODE_SIGN_IDENTITY[sdk=iphoneos*]" = "iPhone Developer";
				COPY_PHASE_STRIP = NO;
				DEBUG_INFORMATION_FORMAT = "dwarf-with-dsym";
				ENABLE_NS_ASSERTIONS = NO;
				ENABLE_STRICT_OBJC_MSGSEND = YES;
				GCC_C_LANGUAGE_STANDARD = gnu99;
				GCC_NO_COMMON_BLOCKS = YES;
				GCC_WARN_64_TO_32_BIT_CONVERSION = YES;
				GCC_WARN_ABOUT_RETURN_TYPE = YES_ERROR;
				GCC_WARN_UNDECLARED_SELECTOR = YES;
				GCC_WARN_UNINITIALIZED_AUTOS = YES_AGGRESSIVE;
				GCC_WARN_UNUSED_FUNCTION = YES;
				GCC_WARN_UNUSED_VARIABLE = YES;
				IPHONEOS_DEPLOYMENT_TARGET = 9.2;
				MTL_ENABLE_DEBUG_INFO = NO;
				SDKROOT = iphoneos;
				VALIDATE_PRODUCT = YES;
			};
			name = Release;
		};
		50309C7A1C802786009A435D /* Debug */ = {
			isa = XCBuildConfiguration;
			baseConfigurationReference = D537AFAA2C02AFB8F1D0B621 /* Pods.debug.xcconfig */;
			buildSettings = {
				ASSETCATALOG_COMPILER_APPICON_NAME = AppIcon;
				INFOPLIST_FILE = WeatherInfo/Info.plist;
				LD_RUNPATH_SEARCH_PATHS = "$(inherited) @executable_path/Frameworks";
				PRODUCT_BUNDLE_IDENTIFIER = com.personal.WeatherInfo;
				PRODUCT_NAME = "$(TARGET_NAME)";
			};
			name = Debug;
		};
		50309C7B1C802786009A435D /* Release */ = {
			isa = XCBuildConfiguration;
			baseConfigurationReference = 08ED6D6F59A250294913F6DD /* Pods.release.xcconfig */;
			buildSettings = {
				ASSETCATALOG_COMPILER_APPICON_NAME = AppIcon;
				INFOPLIST_FILE = WeatherInfo/Info.plist;
				LD_RUNPATH_SEARCH_PATHS = "$(inherited) @executable_path/Frameworks";
				PRODUCT_BUNDLE_IDENTIFIER = com.personal.WeatherInfo;
				PRODUCT_NAME = "$(TARGET_NAME)";
			};
			name = Release;
		};
		50309C7D1C802786009A435D /* Debug */ = {
			isa = XCBuildConfiguration;
			buildSettings = {
				BUNDLE_LOADER = "$(TEST_HOST)";
				INFOPLIST_FILE = WeatherInfoTests/Info.plist;
				LD_RUNPATH_SEARCH_PATHS = "$(inherited) @executable_path/Frameworks @loader_path/Frameworks";
				PRODUCT_BUNDLE_IDENTIFIER = com.personal.WeatherInfoTests;
				PRODUCT_NAME = "$(TARGET_NAME)";
				TEST_HOST = "$(BUILT_PRODUCTS_DIR)/WeatherInfo.app/WeatherInfo";
			};
			name = Debug;
		};
		50309C7E1C802786009A435D /* Release */ = {
			isa = XCBuildConfiguration;
			buildSettings = {
				BUNDLE_LOADER = "$(TEST_HOST)";
				INFOPLIST_FILE = WeatherInfoTests/Info.plist;
				LD_RUNPATH_SEARCH_PATHS = "$(inherited) @executable_path/Frameworks @loader_path/Frameworks";
				PRODUCT_BUNDLE_IDENTIFIER = com.personal.WeatherInfoTests;
				PRODUCT_NAME = "$(TARGET_NAME)";
				TEST_HOST = "$(BUILT_PRODUCTS_DIR)/WeatherInfo.app/WeatherInfo";
			};
			name = Release;
		};
		50309C801C802786009A435D /* Debug */ = {
			isa = XCBuildConfiguration;
			buildSettings = {
				INFOPLIST_FILE = WeatherInfoUITests/Info.plist;
				LD_RUNPATH_SEARCH_PATHS = "$(inherited) @executable_path/Frameworks @loader_path/Frameworks";
				PRODUCT_BUNDLE_IDENTIFIER = com.personal.WeatherInfoUITests;
				PRODUCT_NAME = "$(TARGET_NAME)";
				TEST_TARGET_NAME = WeatherInfo;
				USES_XCTRUNNER = YES;
			};
			name = Debug;
		};
		50309C811C802786009A435D /* Release */ = {
			isa = XCBuildConfiguration;
			buildSettings = {
				INFOPLIST_FILE = WeatherInfoUITests/Info.plist;
				LD_RUNPATH_SEARCH_PATHS = "$(inherited) @executable_path/Frameworks @loader_path/Frameworks";
				PRODUCT_BUNDLE_IDENTIFIER = com.personal.WeatherInfoUITests;
				PRODUCT_NAME = "$(TARGET_NAME)";
				TEST_TARGET_NAME = WeatherInfo;
				USES_XCTRUNNER = YES;
			};
			name = Release;
		};
/* End XCBuildConfiguration section */

/* Begin XCConfigurationList section */
		50309C441C802786009A435D /* Build configuration list for PBXProject "WeatherInfo" */ = {
			isa = XCConfigurationList;
			buildConfigurations = (
				50309C771C802786009A435D /* Debug */,
				50309C781C802786009A435D /* Release */,
			);
			defaultConfigurationIsVisible = 0;
			defaultConfigurationName = Release;
		};
		50309C791C802786009A435D /* Build configuration list for PBXNativeTarget "WeatherInfo" */ = {
			isa = XCConfigurationList;
			buildConfigurations = (
				50309C7A1C802786009A435D /* Debug */,
				50309C7B1C802786009A435D /* Release */,
			);
			defaultConfigurationIsVisible = 0;
			defaultConfigurationName = Release;
		};
		50309C7C1C802786009A435D /* Build configuration list for PBXNativeTarget "WeatherInfoTests" */ = {
			isa = XCConfigurationList;
			buildConfigurations = (
				50309C7D1C802786009A435D /* Debug */,
				50309C7E1C802786009A435D /* Release */,
			);
			defaultConfigurationIsVisible = 0;
			defaultConfigurationName = Release;
		};
		50309C7F1C802786009A435D /* Build configuration list for PBXNativeTarget "WeatherInfoUITests" */ = {
			isa = XCConfigurationList;
			buildConfigurations = (
				50309C801C802786009A435D /* Debug */,
				50309C811C802786009A435D /* Release */,
			);
			defaultConfigurationIsVisible = 0;
			defaultConfigurationName = Release;
		};
/* End XCConfigurationList section */

/* Begin XCVersionGroup section */
		50309C581C802786009A435D /* WeatherInfo.xcdatamodeld */ = {
			isa = XCVersionGroup;
			children = (
				50309C591C802786009A435D /* WeatherInfo.xcdatamodel */,
			);
			currentVersion = 50309C591C802786009A435D /* WeatherInfo.xcdatamodel */;
			path = WeatherInfo.xcdatamodeld;
			sourceTree = "<group>";
			versionGroupType = wrapper.xcdatamodel;
		};
/* End XCVersionGroup section */
	};
	rootObject = 50309C411C802786009A435D /* Project object */;
}
